{
  "nodes": {
    "nixpkgs": {
      "locked": {
        "lastModified": 1759499152,
        "narHash": "sha256-yWedtB/pEtn9LBqIISrhYvyfxtWvd6DkV13m8ijpjxw=",
        "owner": "NixOS",
        "repo": "nixpkgs",
        "rev": "92c2d89bc9d43482aa3c32928cc9d71a329bff72",
        "type": "github"
      },
      "original": {
        "owner": "NixOS",
        "repo": "nixpkgs",
        "type": "github"
      }
    },
    "root": {
      "inputs": {
        "nixpkgs": "nixpkgs"
      }
    }
  },
  "root": "root",
  "version": 7
}
